
Microsoft Visual Studio Solution File, Format Version 12.00
# Visual Studio 15
Project("{FAE04EC0-301F-11D3-BF4B-00C04F79EFBC}") = "BlockChain-Blockcypher", "BlockChain-Blockcypher.csproj", "{806E7CBB-25E9-4B38-9EE1-76973CECE299}"
EndProject
Global
	GlobalSection(SolutionConfigurationPlatforms) = preSolution
		Debug|anycpu = Debug|anycpu
		Release|anycpu = Release|anycpu
	EndGlobalSection
	GlobalSection(ProjectConfigurationPlatforms) = postSolution
		{806E7CBB-25E9-4B38-9EE1-76973CECE299}.Debug|anycpu.ActiveCfg = Debug|anycpu
		{806E7CBB-25E9-4B38-9EE1-76973CECE299}.Debug|anycpu.Build.0 = Debug|anycpu
		{806E7CBB-25E9-4B38-9EE1-76973CECE299}.Release|anycpu.ActiveCfg = Release|anycpu
		{806E7CBB-25E9-4B38-9EE1-76973CECE299}.Release|anycpu.Build.0 = Release|anycpu
	EndGlobalSection
EndGlobal
